// !$*UTF8*$!
{
	archiveVersion = 1;
	classes = {
	};
	objectVersion = 46;
	objects = {

/* Begin PBXBuildFile section */
		319CDECD1CD5BA1300CAA2D5 /* AppDelegate.swift in Sources */ = {isa = PBXBuildFile; fileRef = 319CDECC1CD5BA1300CAA2D5 /* AppDelegate.swift */; };
		319CDECF1CD5BA1300CAA2D5 /* MainViewController.swift in Sources */ = {isa = PBXBuildFile; fileRef = 319CDECE1CD5BA1300CAA2D5 /* MainViewController.swift */; };
		319CDED21CD5BA1300CAA2D5 /* Main.storyboard in Resources */ = {isa = PBXBuildFile; fileRef = 319CDED01CD5BA1300CAA2D5 /* Main.storyboard */; };
		319CDED41CD5BA1300CAA2D5 /* Assets.xcassets in Resources */ = {isa = PBXBuildFile; fileRef = 319CDED31CD5BA1300CAA2D5 /* Assets.xcassets */; };
		319CDED71CD5BA1300CAA2D5 /* LaunchScreen.storyboard in Resources */ = {isa = PBXBuildFile; fileRef = 319CDED51CD5BA1300CAA2D5 /* LaunchScreen.storyboard */; };
		31B15BA21CDDD36500CC3EC1 /* SubViewController.swift in Sources */ = {isa = PBXBuildFile; fileRef = 31B15BA11CDDD36500CC3EC1 /* SubViewController.swift */; };
		31EC44D31CD5DBEC00645524 /* SwiftyJSON.framework in Frameworks */ = {isa = PBXBuildFile; fileRef = 31EC44D11CD5DBEC00645524 /* SwiftyJSON.framework */; };
/* End PBXBuildFile section */

/* Begin PBXFileReference section */
		3185C5AA1CD6D8AA0059D23D /* ja */ = {isa = PBXFileReference; lastKnownFileType = text.plist.strings; name = ja; path = ja.lproj/Main.strings; sourceTree = "<group>"; };
		3185C5AB1CD6D8AA0059D23D /* ja */ = {isa = PBXFileReference; lastKnownFileType = text.plist.strings; name = ja; path = ja.lproj/LaunchScreen.strings; sourceTree = "<group>"; };
		319CDEC91CD5BA1300CAA2D5 /* AlchemyTest.app */ = {isa = PBXFileReference; explicitFileType = wrapper.application; includeInIndex = 0; path = AlchemyTest.app; sourceTree = BUILT_PRODUCTS_DIR; };
		319CDECC1CD5BA1300CAA2D5 /* AppDelegate.swift */ = {isa = PBXFileReference; lastKnownFileType = sourcecode.swift; path = AppDelegate.swift; sourceTree = "<group>"; };
		319CDECE1CD5BA1300CAA2D5 /* MainViewController.swift */ = {isa = PBXFileReference; lastKnownFileType = sourcecode.swift; path = MainViewController.swift; sourceTree = "<group>"; };
		319CDED11CD5BA1300CAA2D5 /* Base */ = {isa = PBXFileReference; lastKnownFileType = file.storyboard; name = Base; path = Base.lproj/Main.storyboard; sourceTree = "<group>"; };
		319CDED31CD5BA1300CAA2D5 /* Assets.xcassets */ = {isa = PBXFileReference; lastKnownFileType = folder.assetcatalog; path = Assets.xcassets; sourceTree = "<group>"; };
		319CDED61CD5BA1300CAA2D5 /* Base */ = {isa = PBXFileReference; lastKnownFileType = file.storyboard; name = Base; path = Base.lproj/LaunchScreen.storyboard; sourceTree = "<group>"; };
		319CDED81CD5BA1300CAA2D5 /* Info.plist */ = {isa = PBXFileReference; lastKnownFileType = text.plist.xml; path = Info.plist; sourceTree = "<group>"; };
		31B15BA11CDDD36500CC3EC1 /* SubViewController.swift */ = {isa = PBXFileReference; fileEncoding = 4; lastKnownFileType = sourcecode.swift; path = SubViewController.swift; sourceTree = "<group>"; };
		31EC44D11CD5DBEC00645524 /* SwiftyJSON.framework */ = {isa = PBXFileReference; lastKnownFileType = wrapper.framework; name = SwiftyJSON.framework; path = Carthage/Build/iOS/SwiftyJSON.framework; sourceTree = "<group>"; };
/* End PBXFileReference section */

/* Begin PBXFrameworksBuildPhase section */
		319CDEC61CD5BA1300CAA2D5 /* Frameworks */ = {
			isa = PBXFrameworksBuildPhase;
			buildActionMask = 2147483647;
			files = (
				31EC44D31CD5DBEC00645524 /* SwiftyJSON.framework in Frameworks */,
			);
			runOnlyForDeploymentPostprocessing = 0;
		};
/* End PBXFrameworksBuildPhase section */

/* Begin PBXGroup section */
		319CDEC01CD5BA1300CAA2D5 = {
			isa = PBXGroup;
			children = (
				31EC44D11CD5DBEC00645524 /* SwiftyJSON.framework */,
				319CDECB1CD5BA1300CAA2D5 /* AlchemyTest */,
				319CDECA1CD5BA1300CAA2D5 /* Products */,
			);
			sourceTree = "<group>";
		};
		319CDECA1CD5BA1300CAA2D5 /* Products */ = {
			isa = PBXGroup;
			children = (
				319CDEC91CD5BA1300CAA2D5 /* AlchemyTest.app */,
			);
			name = Products;
			sourceTree = "<group>";
		};
		319CDECB1CD5BA1300CAA2D5 /* AlchemyTest */ = {
			isa = PBXGroup;
			children = (
				319CDECC1CD5BA1300CAA2D5 /* AppDelegate.swift */,
				319CDECE1CD5BA1300CAA2D5 /* MainViewController.swift */,
				31B15BA11CDDD36500CC3EC1 /* SubViewController.swift */,
				319CDED01CD5BA1300CAA2D5 /* Main.storyboard */,
				319CDED31CD5BA1300CAA2D5 /* Assets.xcassets */,
				319CDED51CD5BA1300CAA2D5 /* LaunchScreen.storyboard */,
				319CDED81CD5BA1300CAA2D5 /* Info.plist */,
			);
			path = AlchemyTest;
			sourceTree = "<group>";
		};
/* End PBXGroup section */

/* Begin PBXNativeTarget section */
		319CDEC81CD5BA1300CAA2D5 /* AlchemyTest */ = {
			isa = PBXNativeTarget;
			buildConfigurationList = 319CDEDB1CD5BA1300CAA2D5 /* Build configuration list for PBXNativeTarget "AlchemyTest" */;
			buildPhases = (
				319CDEC51CD5BA1300CAA2D5 /* Sources */,
				319CDEC61CD5BA1300CAA2D5 /* Frameworks */,
				319CDEC71CD5BA1300CAA2D5 /* Resources */,
				31EC44D41CD5DBF900645524 /* ShellScript */,
			);
			buildRules = (
			);
			dependencies = (
			);
			name = AlchemyTest;
			productName = AlchemyTest;
			productReference = 319CDEC91CD5BA1300CAA2D5 /* AlchemyTest.app */;
			productType = "com.apple.product-type.application";
		};
/* End PBXNativeTarget section */

/* Begin PBXProject section */
		319CDEC11CD5BA1300CAA2D5 /* Project object */ = {
			isa = PBXProject;
			attributes = {
				LastSwiftUpdateCheck = 0730;
				LastUpgradeCheck = 0730;
				ORGANIZATIONNAME = "Yasuyuki Someya";
				TargetAttributes = {
					319CDEC81CD5BA1300CAA2D5 = {
						CreatedOnToolsVersion = 7.3;
						DevelopmentTeam = F7N8WR98F6;
					};
				};
			};
			buildConfigurationList = 319CDEC41CD5BA1300CAA2D5 /* Build configuration list for PBXProject "AlchemyTest" */;
			compatibilityVersion = "Xcode 3.2";
			developmentRegion = English;
			hasScannedForEncodings = 0;
			knownRegions = (
				en,
				Base,
			);
			mainGroup = 319CDEC01CD5BA1300CAA2D5;
			productRefGroup = 319CDECA1CD5BA1300CAA2D5 /* Products */;
			projectDirPath = "";
			projectRoot = "";
			targets = (
				319CDEC81CD5BA1300CAA2D5 /* AlchemyTest */,
			);
		};
/* End PBXProject section */

/* Begin PBXResourcesBuildPhase section */
		319CDEC71CD5BA1300CAA2D5 /* Resources */ = {
			isa = PBXResourcesBuildPhase;
			buildActionMask = 2147483647;
			files = (
				319CDED71CD5BA1300CAA2D5 /* LaunchScreen.storyboard in Resources */,
				319CDED41CD5BA1300CAA2D5 /* Assets.xcassets in Resources */,
				319CDED21CD5BA1300CAA2D5 /* Main.storyboard in Resources */,
			);
			runOnlyForDeploymentPostprocessing = 0;
		};
/* End PBXResourcesBuildPhase section */

/* Begin PBXShellScriptBuildPhase section */
		31EC44D41CD5DBF900645524 /* ShellScript */ = {
			isa = PBXShellScriptBuildPhase;
			buildActionMask = 2147483647;
			files = (
			);
			inputPaths = (
				"$(SRCROOT)/Carthage/Build/iOS/SwiftyJSON.framework",
			);
			outputPaths = (
			);
			runOnlyForDeploymentPostprocessing = 0;
			shellPath = /bin/sh;
			shellScript = "/usr/local/bin/carthage copy-frameworks";
		};
/* End PBXShellScriptBuildPhase section */

/* Begin PBXSourcesBuildPhase section */
		319CDEC51CD5BA1300CAA2D5 /* Sources */ = {
			isa = PBXSourcesBuildPhase;
			buildActionMask = 2147483647;
			files = (
				31B15BA21CDDD36500CC3EC1 /* SubViewController.swift in Sources */,
				319CDECF1CD5BA1300CAA2D5 /* MainViewController.swift in Sources */,
				319CDECD1CD5BA1300CAA2D5 /* AppDelegate.swift in Sources */,
			);
			runOnlyForDeploymentPostprocessing = 0;
		};
/* End PBXSourcesBuildPhase section */

/* Begin PBXVariantGroup section */
		319CDED01CD5BA1300CAA2D5 /* Main.storyboard */ = {
			isa = PBXVariantGroup;
			children = (
				319CDED11CD5BA1300CAA2D5 /* Base */,
				3185C5AA1CD6D8AA0059D23D /* ja */,
			);
			name = Main.storyboard;
			sourceTree = "<group>";
		};
		319CDED51CD5BA1300CAA2D5 /* LaunchScreen.storyboard */ = {
			isa = PBXVariantGroup;
			children = (
				319CDED61CD5BA1300CAA2D5 /* Base */,
				3185C5AB1CD6D8AA0059D23D /* ja */,
			);
			name = LaunchScreen.storyboard;
			sourceTree = "<group>";
		};
/* End PBXVariantGroup section */

/* Begin XCBuildConfiguration section */
		319CDED91CD5BA1300CAA2D5 /* Debug */ = {
			isa = XCBuildConfiguration;
			buildSettings = {
				ALWAYS_SEARCH_USER_PATHS = NO;
				CLANG_ANALYZER_NONNULL = YES;
				CLANG_CXX_LANGUAGE_STANDARD = "gnu++0x";
				CLANG_CXX_LIBRARY = "libc++";
				CLANG_ENABLE_MODULES = YES;
				CLANG_ENABLE_OBJC_ARC = YES;
				CLANG_WARN_BOOL_CONVERSION = YES;
				CLANG_WARN_CONSTANT_CONVERSION = YES;
				CLANG_WARN_DIRECT_OBJC_ISA_USAGE = YES_ERROR;
				CLANG_WARN_EMPTY_BODY = YES;
				CLANG_WARN_ENUM_CONVERSION = YES;
				CLANG_WARN_INT_CONVERSION = YES;
				CLANG_WARN_OBJC_ROOT_CLASS = YES_ERROR;
				CLANG_WARN_UNREACHABLE_CODE = YES;
				CLANG_WARN__DUPLICATE_METHOD_MATCH = YES;
				"CODE_SIGN_IDENTITY[sdk=iphoneos*]" = "iPhone Developer";
				COPY_PHASE_STRIP = NO;
				DEBUG_INFORMATION_FORMAT = dwarf;
				ENABLE_STRICT_OBJC_MSGSEND = YES;
				ENABLE_TESTABILITY = YES;
				GCC_C_LANGUAGE_STANDARD = gnu99;
				GCC_DYNAMIC_NO_PIC = NO;
				GCC_NO_COMMON_BLOCKS = YES;
				GCC_OPTIMIZATION_LEVEL = 0;
				GCC_PREPROCESSOR_DEFINITIONS = (
					"DEBUG=1",
					"$(inherited)",
				);
				GCC_WARN_64_TO_32_BIT_CONVERSION = YES;
				GCC_WARN_ABOUT_RETURN_TYPE = YES_ERROR;
				GCC_WARN_UNDECLARED_SELECTOR = YES;
				GCC_WARN_UNINITIALIZED_AUTOS = YES_AGGRESSIVE;
				GCC_WARN_UNUSED_FUNCTION = YES;
				GCC_WARN_UNUSED_VARIABLE = YES;
				IPHONEOS_DEPLOYMENT_TARGET = 9.3;
				MTL_ENABLE_DEBUG_INFO = YES;
				ONLY_ACTIVE_ARCH = YES;
				SDKROOT = iphoneos;
				SWIFT_OPTIMIZATION_LEVEL = "-Onone";
			};
			name = Debug;
		};
		319CDEDA1CD5BA1300CAA2D5 /* Release */ = {
			isa = XCBuildConfiguration;
			buildSettings = {
				ALWAYS_SEARCH_USER_PATHS = NO;
				CLANG_ANALYZER_NONNULL = YES;
				CLANG_CXX_LANGUAGE_STANDARD = "gnu++0x";
				CLANG_CXX_LIBRARY = "libc++";
				CLANG_ENABLE_MODULES = YES;
				CLANG_ENABLE_OBJC_ARC = YES;
				CLANG_WARN_BOOL_CONVERSION = YES;
				CLANG_WARN_CONSTANT_CONVERSION = YES;
				CLANG_WARN_DIRECT_OBJC_ISA_USAGE = YES_ERROR;
				CLANG_WARN_EMPTY_BODY = YES;
				CLANG_WARN_ENUM_CONVERSION = YES;
				CLANG_WARN_INT_CONVERSION = YES;
				CLANG_WARN_OBJC_ROOT_CLASS = YES_ERROR;
				CLANG_WARN_UNREACHABLE_CODE = YES;
				CLANG_WARN__DUPLICATE_METHOD_MATCH = YES;
				"CODE_SIGN_IDENTITY[sdk=iphoneos*]" = "iPhone Developer";
				COPY_PHASE_STRIP = NO;
				DEBUG_INFORMATION_FORMAT = "dwarf-with-dsym";
				ENABLE_NS_ASSERTIONS = NO;
				ENABLE_STRICT_OBJC_MSGSEND = YES;
				GCC_C_LANGUAGE_STANDARD = gnu99;
				GCC_NO_COMMON_BLOCKS = YES;
				GCC_WARN_64_TO_32_BIT_CONVERSION = YES;
				GCC_WARN_ABOUT_RETURN_TYPE = YES_ERROR;
				GCC_WARN_UNDECLARED_SELECTOR = YES;
				GCC_WARN_UNINITIALIZED_AUTOS = YES_AGGRESSIVE;
				GCC_WARN_UNUSED_FUNCTION = YES;
				GCC_WARN_UNUSED_VARIABLE = YES;
				IPHONEOS_DEPLOYMENT_TARGET = 9.3;
				MTL_ENABLE_DEBUG_INFO = NO;
				SDKROOT = iphoneos;
				VALIDATE_PRODUCT = YES;
			};
			name = Release;
		};
		319CDEDC1CD5BA1300CAA2D5 /* Debug */ = {
			isa = XCBuildConfiguration;
			buildSettings = {
				ASSETCATALOG_COMPILER_APPICON_NAME = AppIcon;
				CODE_SIGN_IDENTITY = "iPhone Developer";
				"CODE_SIGN_IDENTITY[sdk=iphoneos*]" = "iPhone Developer";
				FRAMEWORK_SEARCH_PATHS = (
					"$(inherited)",
					"$(PROJECT_DIR)/Carthage/Build/iOS",
				);
				INFOPLIST_FILE = AlchemyTest/Info.plist;
				LD_RUNPATH_SEARCH_PATHS = "$(inherited) @executable_path/Frameworks";
				PRODUCT_BUNDLE_IDENTIFIER = com.someya.AlchemyTest;
				PRODUCT_NAME = "$(TARGET_NAME)";
				PROVISIONING_PROFILE = "";
			};
			name = Debug;
		};
		319CDEDD1CD5BA1300CAA2D5 /* Release */ = {
			isa = XCBuildConfiguration;
			buildSettings = {
				ASSETCATALOG_COMPILER_APPICON_NAME = AppIcon;
				CODE_SIGN_IDENTITY = "iPhone Developer";
				"CODE_SIGN_IDENTITY[sdk=iphoneos*]" = "iPhone Developer";
				FRAMEWORK_SEARCH_PATHS = (
					"$(inherited)",
					"$(PROJECT_DIR)/Carthage/Build/iOS",
				);
				INFOPLIST_FILE = AlchemyTest/Info.plist;
				LD_RUNPATH_SEARCH_PATHS = "$(inherited) @executable_path/Frameworks";
				PRODUCT_BUNDLE_IDENTIFIER = com.someya.AlchemyTest;
				PRODUCT_NAME = "$(TARGET_NAME)";
				PROVISIONING_PROFILE = "";
			};
			name = Release;
		};
/* End XCBuildConfiguration section */

/* Begin XCConfigurationList section */
		319CDEC41CD5BA1300CAA2D5 /* Build configuration list for PBXProject "AlchemyTest" */ = {
			isa = XCConfigurationList;
			buildConfigurations = (
				319CDED91CD5BA1300CAA2D5 /* Debug */,
				319CDEDA1CD5BA1300CAA2D5 /* Release */,
			);
			defaultConfigurationIsVisible = 0;
			defaultConfigurationName = Release;
		};
		319CDEDB1CD5BA1300CAA2D5 /* Build configuration list for PBXNativeTarget "AlchemyTest" */ = {
			isa = XCConfigurationList;
			buildConfigurations = (
				319CDEDC1CD5BA1300CAA2D5 /* Debug */,
				319CDEDD1CD5BA1300CAA2D5 /* Release */,
			);
			defaultConfigurationIsVisible = 0;
			defaultConfigurationName = Release;
		};
/* End XCConfigurationList section */
	};
	rootObject = 319CDEC11CD5BA1300CAA2D5 /* Project object */;
}
